
Microsoft Visual Studio Solution File, Format Version 12.00
# Visual Studio Version 17
VisualStudioVersion = 17.3.32901.215
MinimumVisualStudioVersion = 10.0.40219.1
Project("{FAE04EC0-301F-11D3-BF4B-00C04F79EFBC}") = "Xend Finance", "Xend Finance.csproj", "{AB727D05-1C4A-4162-B834-B214FE18981F}"
EndProject
Global
	GlobalSection(SolutionConfigurationPlatforms) = preSolution
		Debug|Any CPU = Debug|Any CPU
		Release|Any CPU = Release|Any CPU
	EndGlobalSection
	GlobalSection(ProjectConfigurationPlatforms) = postSolution
		{AB727D05-1C4A-4162-B834-B214FE18981F}.Debug|Any CPU.ActiveCfg = Debug|Any CPU
		{AB727D05-1C4A-4162-B834-B214FE18981F}.Debug|Any CPU.Build.0 = Debug|Any CPU
		{AB727D05-1C4A-4162-B834-B214FE18981F}.Release|Any CPU.ActiveCfg = Release|Any CPU
		{AB727D05-1C4A-4162-B834-B214FE18981F}.Release|Any CPU.Build.0 = Release|Any CPU
	EndGlobalSection
	GlobalSection(SolutionProperties) = preSolution
		HideSolutionNode = FALSE
	EndGlobalSection
	GlobalSection(ExtensibilityGlobals) = postSolution
		SolutionGuid = {84A792DC-BA13-4D03-A7AC-3AC9DCF0F4A1}
	EndGlobalSection
EndGlobal
